{
  "name": "lishui-towns",
  "version": "0.1.0",
  "lockfileVersion": 3,
  "requires": true,
  "packages": {
    "": {
      "name": "lishui-towns",
      "version": "0.1.0",
      "dependencies": {
        "lishui-kit": "file:../lishui-kit"
      },
      "engines": {
        "node": ">=20"
      }
    },
    "../lishui-kit": {
      "version": "0.1.0",
      "dependencies": {
        "marked": "^15.0.0"
      },
      "engines": {
        "node": ">=20"
      }
    },
    "node_modules/lishui-kit": {
      "resolved": "../lishui-kit",
      "link": true
    }
  }
}
